# THIS IS AN AUTOGENERATED FILE. DO NOT EDIT THIS FILE DIRECTLY.
# yarn lockfile v1


filepond-plugin-image-exif-orientation@^1.0.11:
  version "1.0.11"
  resolved "https://registry.yarnpkg.com/filepond-plugin-image-exif-orientation/-/filepond-plugin-image-exif-orientation-1.0.11.tgz#c46b522e8873e2ad5b9c7e2bbbe71176c9df58b2"
  integrity sha512-hLBc12Fk6Zkj3L8mSAn+elugHOqT5rLUbgVXQQIQjMe0FsGjtpoxqeVR6jt4IWHGat2L9sFAgU2TGmd1mqosCg==

filepond-plugin-image-preview@^4.6.12:
  version "4.6.12"
  resolved "https://registry.yarnpkg.com/filepond-plugin-image-preview/-/filepond-plugin-image-preview-4.6.12.tgz#adcff8be50f001e21ca8221a53c6870b63ebe0fe"
  integrity sha512-Y8ETX5QVV0mbPB0586UH8AUmG9tZg8PuN5bdEAIlZVJFTct5ebViJ7+Am94/VhTPjLqZjBf1zmDq5JU6XRsZKw==

filepond@^4.30.6:
  version "4.30.6"
  resolved "https://registry.yarnpkg.com/filepond/-/filepond-4.30.6.tgz#59ef22196f810be169c77f3f1fc1439931844a3a"
  integrity sha512-gBsVKJgr5HFTkQSA/3R6utne4Qt6Pue0O3+k3IjjVBbaQxMgGMI0fXwoob9SdRRoULCs8BAhWjttM28hOAi/0w==

lodash.debounce@^4.0.8:
  version "4.0.8"
  resolved "https://registry.yarnpkg.com/lodash.debounce/-/lodash.debounce-4.0.8.tgz#82d79bff30a67c4005ffd5e2515300ad9ca4d7af"
  integrity sha512-FT1yDzDYEoYWhnSGnpE/4Kj1fLZkDFyqRb7fNt6FdYOSxlUWAtp42Eh6Wb0rGIv/m9Bgo7x4GhQbm5Ys4SG5ow==

react-filepond@^7.1.2:
  version "7.1.2"
  resolved "https://registry.yarnpkg.com/react-filepond/-/react-filepond-7.1.2.tgz#8f04d06396a59b5980dda479c095ed23e6d1f68b"
  integrity sha512-vrlx9o/n+jGikh6jLey+PpUGYtEZn8MdeB6JFeX/5/N/Mu75IHG+MFQbv8R27bNXvS41mDtV9Fo5DG+s6siVIA==

usehooks-ts@^2.14.0:
  version "2.14.0"
  resolved "https://registry.yarnpkg.com/usehooks-ts/-/usehooks-ts-2.14.0.tgz#8c38fdb9133a7278f88ff8c762695ccaec4abfb8"
  integrity sha512-jnhrjTRJoJS7cFxz63tRYc5mzTKf/h+Ii8P0PDHymT9qDe4ZA2/gzDRmDR4WGausg5X8wMIdghwi3BBCN9JKow==
  dependencies:
    lodash.debounce "^4.0.8"
